
Microsoft Visual Studio Solution File, Format Version 12.00
# Visual Studio Version 17
VisualStudioVersion = 17.7.34202.233
MinimumVisualStudioVersion = 10.0.40219.1
Project("{FAE04EC0-301F-11D3-BF4B-00C04F79EFBC}") = "WebApplication12", "WebApplication12\WebApplication12.csproj", "{86DDD484-7794-458B-91CA-1F9D2C6E82EE}"
EndProject
Global
	GlobalSection(SolutionConfigurationPlatforms) = preSolution
		Debug|Any CPU = Debug|Any CPU
		Release|Any CPU = Release|Any CPU
	EndGlobalSection
	GlobalSection(ProjectConfigurationPlatforms) = postSolution
		{86DDD484-7794-458B-91CA-1F9D2C6E82EE}.Debug|Any CPU.ActiveCfg = Debug|Any CPU
		{86DDD484-7794-458B-91CA-1F9D2C6E82EE}.Debug|Any CPU.Build.0 = Debug|Any CPU
		{86DDD484-7794-458B-91CA-1F9D2C6E82EE}.Release|Any CPU.ActiveCfg = Release|Any CPU
		{86DDD484-7794-458B-91CA-1F9D2C6E82EE}.Release|Any CPU.Build.0 = Release|Any CPU
	EndGlobalSection
	GlobalSection(SolutionProperties) = preSolution
		HideSolutionNode = FALSE
	EndGlobalSection
	GlobalSection(ExtensibilityGlobals) = postSolution
		SolutionGuid = {6385D01E-0E89-42E0-9CB7-BF6AE6487058}
	EndGlobalSection
EndGlobal
